// !$*UTF8*$!
{
	archiveVersion = 1;
	classes = {
	};
	objectVersion = 46;
	objects = {

/* Begin PBXBuildFile section */
		8701357D1A19107E00EFEA8E /* main.m in Sources */ = {isa = PBXBuildFile; fileRef = 8701357C1A19107E00EFEA8E /* main.m */; };
		870135801A19107E00EFEA8E /* AppDelegate.m in Sources */ = {isa = PBXBuildFile; fileRef = 8701357F1A19107E00EFEA8E /* AppDelegate.m */; };
		870135881A19107E00EFEA8E /* Images.xcassets in Resources */ = {isa = PBXBuildFile; fileRef = 870135871A19107E00EFEA8E /* Images.xcassets */; };
		8701358B1A19107E00EFEA8E /* LaunchScreen.xib in Resources */ = {isa = PBXBuildFile; fileRef = 870135891A19107E00EFEA8E /* LaunchScreen.xib */; };
		870135A11A1910EB00EFEA8E /* Tests.m in Sources */ = {isa = PBXBuildFile; fileRef = 870135A01A1910EB00EFEA8E /* Tests.m */; };
		870135A51A19166200EFEA8E /* ControlFlow.m in Sources */ = {isa = PBXBuildFile; fileRef = 870135A41A19166200EFEA8E /* ControlFlow.m */; };
		870135A81A19166B00EFEA8E /* DataStructures.m in Sources */ = {isa = PBXBuildFile; fileRef = 870135A71A19166B00EFEA8E /* DataStructures.m */; };
		8730940C1A1BBA4C0002009D /* Pods-OOP1LabTestTests.debug.xcconfig in Resources */ = {isa = PBXBuildFile; fileRef = 8730940A1A1BBA4C0002009D /* Pods-OOP1LabTestTests.debug.xcconfig */; };
		8730940D1A1BBA4C0002009D /* Pods-OOP1LabTestTests.release.xcconfig in Resources */ = {isa = PBXBuildFile; fileRef = 8730940B1A1BBA4C0002009D /* Pods-OOP1LabTestTests.release.xcconfig */; };
		87DAD8031A1BAA31000BFA72 /* Main.storyboard in Resources */ = {isa = PBXBuildFile; fileRef = 87DAD8021A1BAA31000BFA72 /* Main.storyboard */; };
		87FEE4431A1BADEB00072A8C /* Protocols.m in Sources */ = {isa = PBXBuildFile; fileRef = 87FEE4421A1BADEB00072A8C /* Protocols.m */; };
		87FEE4491A1BB18C00072A8C /* Blocks.m in Sources */ = {isa = PBXBuildFile; fileRef = 87FEE4481A1BB18C00072A8C /* Blocks.m */; };
		E3CE834D887BE59334E6E798 /* libPods-OOP1LabTestTests.a in Frameworks */ = {isa = PBXBuildFile; fileRef = FAA8A163646975A11CAE0929 /* libPods-OOP1LabTestTests.a */; };
/* End PBXBuildFile section */

/* Begin PBXContainerItemProxy section */
		870135911A19107E00EFEA8E /* PBXContainerItemProxy */ = {
			isa = PBXContainerItemProxy;
			containerPortal = 8701356F1A19107D00EFEA8E /* Project object */;
			proxyType = 1;
			remoteGlobalIDString = 870135761A19107E00EFEA8E;
			remoteInfo = OOP1LabTest;
		};
/* End PBXContainerItemProxy section */

/* Begin PBXFileReference section */
		2AD0D20D6624ED0D80594097 /* libPods.a */ = {isa = PBXFileReference; explicitFileType = archive.ar; includeInIndex = 0; path = libPods.a; sourceTree = BUILT_PRODUCTS_DIR; };
		870135771A19107E00EFEA8E /* OOP1LabTest.app */ = {isa = PBXFileReference; explicitFileType = wrapper.application; includeInIndex = 0; path = OOP1LabTest.app; sourceTree = BUILT_PRODUCTS_DIR; };
		8701357B1A19107E00EFEA8E /* Info.plist */ = {isa = PBXFileReference; lastKnownFileType = text.plist.xml; path = Info.plist; sourceTree = "<group>"; };
		8701357C1A19107E00EFEA8E /* main.m */ = {isa = PBXFileReference; lastKnownFileType = sourcecode.c.objc; path = main.m; sourceTree = "<group>"; };
		8701357E1A19107E00EFEA8E /* AppDelegate.h */ = {isa = PBXFileReference; lastKnownFileType = sourcecode.c.h; path = AppDelegate.h; sourceTree = "<group>"; };
		8701357F1A19107E00EFEA8E /* AppDelegate.m */ = {isa = PBXFileReference; lastKnownFileType = sourcecode.c.objc; path = AppDelegate.m; sourceTree = "<group>"; };
		870135871A19107E00EFEA8E /* Images.xcassets */ = {isa = PBXFileReference; lastKnownFileType = folder.assetcatalog; path = Images.xcassets; sourceTree = "<group>"; };
		8701358A1A19107E00EFEA8E /* Base */ = {isa = PBXFileReference; lastKnownFileType = file.xib; name = Base; path = Base.lproj/LaunchScreen.xib; sourceTree = "<group>"; };
		870135901A19107E00EFEA8E /* OOP1LabTestTests.xctest */ = {isa = PBXFileReference; explicitFileType = wrapper.cfbundle; includeInIndex = 0; path = OOP1LabTestTests.xctest; sourceTree = BUILT_PRODUCTS_DIR; };
		870135951A19107E00EFEA8E /* Info.plist */ = {isa = PBXFileReference; lastKnownFileType = text.plist.xml; path = Info.plist; sourceTree = "<group>"; };
		870135A01A1910EB00EFEA8E /* Tests.m */ = {isa = PBXFileReference; fileEncoding = 4; lastKnownFileType = sourcecode.c.objc; path = Tests.m; sourceTree = "<group>"; };
		870135A31A19166200EFEA8E /* ControlFlow.h */ = {isa = PBXFileReference; fileEncoding = 4; lastKnownFileType = sourcecode.c.h; path = ControlFlow.h; sourceTree = "<group>"; };
		870135A41A19166200EFEA8E /* ControlFlow.m */ = {isa = PBXFileReference; fileEncoding = 4; lastKnownFileType = sourcecode.c.objc; path = ControlFlow.m; sourceTree = "<group>"; };
		870135A61A19166B00EFEA8E /* DataStructures.h */ = {isa = PBXFileReference; fileEncoding = 4; lastKnownFileType = sourcecode.c.h; path = DataStructures.h; sourceTree = "<group>"; };
		870135A71A19166B00EFEA8E /* DataStructures.m */ = {isa = PBXFileReference; fileEncoding = 4; lastKnownFileType = sourcecode.c.objc; path = DataStructures.m; sourceTree = "<group>"; };
		8730940A1A1BBA4C0002009D /* Pods-OOP1LabTestTests.debug.xcconfig */ = {isa = PBXFileReference; fileEncoding = 4; lastKnownFileType = text.xcconfig; name = "Pods-OOP1LabTestTests.debug.xcconfig"; path = "Target Support Files/Pods-OOP1LabTestTests/Pods-OOP1LabTestTests.debug.xcconfig"; sourceTree = "<group>"; };
		8730940B1A1BBA4C0002009D /* Pods-OOP1LabTestTests.release.xcconfig */ = {isa = PBXFileReference; fileEncoding = 4; lastKnownFileType = text.xcconfig; name = "Pods-OOP1LabTestTests.release.xcconfig"; path = "Target Support Files/Pods-OOP1LabTestTests/Pods-OOP1LabTestTests.release.xcconfig"; sourceTree = "<group>"; };
		87DAD8021A1BAA31000BFA72 /* Main.storyboard */ = {isa = PBXFileReference; fileEncoding = 4; lastKnownFileType = file.storyboard; path = Main.storyboard; sourceTree = "<group>"; };
		87FEE4401A1BADB700072A8C /* TestProtocol.h */ = {isa = PBXFileReference; lastKnownFileType = sourcecode.c.h; path = TestProtocol.h; sourceTree = "<group>"; };
		87FEE4411A1BADEB00072A8C /* Protocols.h */ = {isa = PBXFileReference; fileEncoding = 4; lastKnownFileType = sourcecode.c.h; path = Protocols.h; sourceTree = "<group>"; };
		87FEE4421A1BADEB00072A8C /* Protocols.m */ = {isa = PBXFileReference; fileEncoding = 4; lastKnownFileType = sourcecode.c.objc; path = Protocols.m; sourceTree = "<group>"; };
		87FEE4461A1BAE5900072A8C /* EmptyProtocol.h */ = {isa = PBXFileReference; lastKnownFileType = sourcecode.c.h; path = EmptyProtocol.h; sourceTree = "<group>"; };
		87FEE4471A1BB18C00072A8C /* Blocks.h */ = {isa = PBXFileReference; fileEncoding = 4; lastKnownFileType = sourcecode.c.h; path = Blocks.h; sourceTree = "<group>"; };
		87FEE4481A1BB18C00072A8C /* Blocks.m */ = {isa = PBXFileReference; fileEncoding = 4; lastKnownFileType = sourcecode.c.objc; path = Blocks.m; sourceTree = "<group>"; };
		FAA8A163646975A11CAE0929 /* libPods-OOP1LabTestTests.a */ = {isa = PBXFileReference; explicitFileType = archive.ar; includeInIndex = 0; path = "libPods-OOP1LabTestTests.a"; sourceTree = BUILT_PRODUCTS_DIR; };
/* End PBXFileReference section */

/* Begin PBXFrameworksBuildPhase section */
		870135741A19107E00EFEA8E /* Frameworks */ = {
			isa = PBXFrameworksBuildPhase;
			buildActionMask = 2147483647;
			files = (
			);
			runOnlyForDeploymentPostprocessing = 0;
		};
		8701358D1A19107E00EFEA8E /* Frameworks */ = {
			isa = PBXFrameworksBuildPhase;
			buildActionMask = 2147483647;
			files = (
				E3CE834D887BE59334E6E798 /* libPods-OOP1LabTestTests.a in Frameworks */,
			);
			runOnlyForDeploymentPostprocessing = 0;
		};
/* End PBXFrameworksBuildPhase section */

/* Begin PBXGroup section */
		1008E8F8EF3C74BC124A7AEF /* Pods */ = {
			isa = PBXGroup;
			children = (
				8730940A1A1BBA4C0002009D /* Pods-OOP1LabTestTests.debug.xcconfig */,
				8730940B1A1BBA4C0002009D /* Pods-OOP1LabTestTests.release.xcconfig */,
			);
			path = Pods;
			sourceTree = "<group>";
		};
		8701356E1A19107D00EFEA8E = {
			isa = PBXGroup;
			children = (
				870135791A19107E00EFEA8E /* OOP1LabTest */,
				870135931A19107E00EFEA8E /* OOP1LabTestTests */,
				870135781A19107E00EFEA8E /* Products */,
				1008E8F8EF3C74BC124A7AEF /* Pods */,
				F687A714F9D00940C0D7E225 /* Frameworks */,
			);
			sourceTree = "<group>";
		};
		870135781A19107E00EFEA8E /* Products */ = {
			isa = PBXGroup;
			children = (
				870135771A19107E00EFEA8E /* OOP1LabTest.app */,
				870135901A19107E00EFEA8E /* OOP1LabTestTests.xctest */,
			);
			name = Products;
			sourceTree = "<group>";
		};
		870135791A19107E00EFEA8E /* OOP1LabTest */ = {
			isa = PBXGroup;
			children = (
				87FEE4451A1BAE4900072A8C /* Classes */,
				87FEE4441A1BAE3800072A8C /* Protocols */,
				870135A21A19163800EFEA8E /* Solution */,
				8701357E1A19107E00EFEA8E /* AppDelegate.h */,
				8701357F1A19107E00EFEA8E /* AppDelegate.m */,
				870135871A19107E00EFEA8E /* Images.xcassets */,
				870135891A19107E00EFEA8E /* LaunchScreen.xib */,
				8701357A1A19107E00EFEA8E /* Supporting Files */,
				87DAD8021A1BAA31000BFA72 /* Main.storyboard */,
			);
			path = OOP1LabTest;
			sourceTree = "<group>";
		};
		8701357A1A19107E00EFEA8E /* Supporting Files */ = {
			isa = PBXGroup;
			children = (
				8701357B1A19107E00EFEA8E /* Info.plist */,
				8701357C1A19107E00EFEA8E /* main.m */,
			);
			path = "Supporting Files";
			sourceTree = "<group>";
		};
		870135931A19107E00EFEA8E /* OOP1LabTestTests */ = {
			isa = PBXGroup;
			children = (
				870135941A19107E00EFEA8E /* Supporting Files */,
				870135A01A1910EB00EFEA8E /* Tests.m */,
			);
			path = OOP1LabTestTests;
			sourceTree = "<group>";
		};
		870135941A19107E00EFEA8E /* Supporting Files */ = {
			isa = PBXGroup;
			children = (
				870135951A19107E00EFEA8E /* Info.plist */,
			);
			path = "Supporting Files";
			sourceTree = "<group>";
		};
		870135A21A19163800EFEA8E /* Solution */ = {
			isa = PBXGroup;
			children = (
				870135A31A19166200EFEA8E /* ControlFlow.h */,
				870135A41A19166200EFEA8E /* ControlFlow.m */,
				870135A61A19166B00EFEA8E /* DataStructures.h */,
				870135A71A19166B00EFEA8E /* DataStructures.m */,
				87FEE4411A1BADEB00072A8C /* Protocols.h */,
				87FEE4421A1BADEB00072A8C /* Protocols.m */,
				87FEE4471A1BB18C00072A8C /* Blocks.h */,
				87FEE4481A1BB18C00072A8C /* Blocks.m */,
			);
			path = Solution;
			sourceTree = "<group>";
		};
		87FEE4441A1BAE3800072A8C /* Protocols */ = {
			isa = PBXGroup;
			children = (
				87FEE4401A1BADB700072A8C /* TestProtocol.h */,
				87FEE4461A1BAE5900072A8C /* EmptyProtocol.h */,
			);
			path = Protocols;
			sourceTree = "<group>";
		};
		87FEE4451A1BAE4900072A8C /* Classes */ = {
			isa = PBXGroup;
			children = (
			);
			path = Classes;
			sourceTree = "<group>";
		};
		F687A714F9D00940C0D7E225 /* Frameworks */ = {
			isa = PBXGroup;
			children = (
				2AD0D20D6624ED0D80594097 /* libPods.a */,
				FAA8A163646975A11CAE0929 /* libPods-OOP1LabTestTests.a */,
			);
			name = Frameworks;
			sourceTree = "<group>";
		};
/* End PBXGroup section */

/* Begin PBXNativeTarget section */
		870135761A19107E00EFEA8E /* OOP1LabTest */ = {
			isa = PBXNativeTarget;
			buildConfigurationList = 8701359A1A19107E00EFEA8E /* Build configuration list for PBXNativeTarget "OOP1LabTest" */;
			buildPhases = (
				870135731A19107E00EFEA8E /* Sources */,
				870135741A19107E00EFEA8E /* Frameworks */,
				870135751A19107E00EFEA8E /* Resources */,
			);
			buildRules = (
			);
			dependencies = (
			);
			name = OOP1LabTest;
			productName = OOP1LabTest;
			productReference = 870135771A19107E00EFEA8E /* OOP1LabTest.app */;
			productType = "com.apple.product-type.application";
		};
		8701358F1A19107E00EFEA8E /* OOP1LabTestTests */ = {
			isa = PBXNativeTarget;
			buildConfigurationList = 8701359D1A19107E00EFEA8E /* Build configuration list for PBXNativeTarget "OOP1LabTestTests" */;
			buildPhases = (
				67227E0A1919E2E82E802D1C /* Check Pods Manifest.lock */,
				8701358C1A19107E00EFEA8E /* Sources */,
				8701358D1A19107E00EFEA8E /* Frameworks */,
				8701358E1A19107E00EFEA8E /* Resources */,
				CA950EAE6FCDFFA25CF57AC5 /* Copy Pods Resources */,
			);
			buildRules = (
			);
			dependencies = (
				870135921A19107E00EFEA8E /* PBXTargetDependency */,
			);
			name = OOP1LabTestTests;
			productName = OOP1LabTestTests;
			productReference = 870135901A19107E00EFEA8E /* OOP1LabTestTests.xctest */;
			productType = "com.apple.product-type.bundle.unit-test";
		};
/* End PBXNativeTarget section */

/* Begin PBXProject section */
		8701356F1A19107D00EFEA8E /* Project object */ = {
			isa = PBXProject;
			attributes = {
				LastUpgradeCheck = 0610;
				ORGANIZATIONNAME = OO;
				TargetAttributes = {
					870135761A19107E00EFEA8E = {
						CreatedOnToolsVersion = 6.1;
					};
					8701358F1A19107E00EFEA8E = {
						CreatedOnToolsVersion = 6.1;
						TestTargetID = 870135761A19107E00EFEA8E;
					};
				};
			};
			buildConfigurationList = 870135721A19107D00EFEA8E /* Build configuration list for PBXProject "OOP1LabTest" */;
			compatibilityVersion = "Xcode 3.2";
			developmentRegion = English;
			hasScannedForEncodings = 0;
			knownRegions = (
				en,
				Base,
			);
			mainGroup = 8701356E1A19107D00EFEA8E;
			productRefGroup = 870135781A19107E00EFEA8E /* Products */;
			projectDirPath = "";
			projectRoot = "";
			targets = (
				870135761A19107E00EFEA8E /* OOP1LabTest */,
				8701358F1A19107E00EFEA8E /* OOP1LabTestTests */,
			);
		};
/* End PBXProject section */

/* Begin PBXResourcesBuildPhase section */
		870135751A19107E00EFEA8E /* Resources */ = {
			isa = PBXResourcesBuildPhase;
			buildActionMask = 2147483647;
			files = (
				8730940C1A1BBA4C0002009D /* Pods-OOP1LabTestTests.debug.xcconfig in Resources */,
				87DAD8031A1BAA31000BFA72 /* Main.storyboard in Resources */,
				8701358B1A19107E00EFEA8E /* LaunchScreen.xib in Resources */,
				870135881A19107E00EFEA8E /* Images.xcassets in Resources */,
				8730940D1A1BBA4C0002009D /* Pods-OOP1LabTestTests.release.xcconfig in Resources */,
			);
			runOnlyForDeploymentPostprocessing = 0;
		};
		8701358E1A19107E00EFEA8E /* Resources */ = {
			isa = PBXResourcesBuildPhase;
			buildActionMask = 2147483647;
			files = (
			);
			runOnlyForDeploymentPostprocessing = 0;
		};
/* End PBXResourcesBuildPhase section */

/* Begin PBXShellScriptBuildPhase section */
		67227E0A1919E2E82E802D1C /* Check Pods Manifest.lock */ = {
			isa = PBXShellScriptBuildPhase;
			buildActionMask = 2147483647;
			files = (
			);
			inputPaths = (
			);
			name = "Check Pods Manifest.lock";
			outputPaths = (
			);
			runOnlyForDeploymentPostprocessing = 0;
			shellPath = /bin/sh;
			shellScript = "diff \"${PODS_ROOT}/../Podfile.lock\" \"${PODS_ROOT}/Manifest.lock\" > /dev/null\nif [[ $? != 0 ]] ; then\n    cat << EOM\nerror: The sandbox is not in sync with the Podfile.lock. Run 'pod install' or update your CocoaPods installation.\nEOM\n    exit 1\nfi\n";
			showEnvVarsInLog = 0;
		};
		CA950EAE6FCDFFA25CF57AC5 /* Copy Pods Resources */ = {
			isa = PBXShellScriptBuildPhase;
			buildActionMask = 2147483647;
			files = (
			);
			inputPaths = (
			);
			name = "Copy Pods Resources";
			outputPaths = (
			);
			runOnlyForDeploymentPostprocessing = 0;
			shellPath = /bin/sh;
			shellScript = "\"${SRCROOT}/Pods/Target Support Files/Pods-OOP1LabTestTests/Pods-OOP1LabTestTests-resources.sh\"\n";
			showEnvVarsInLog = 0;
		};
/* End PBXShellScriptBuildPhase section */

/* Begin PBXSourcesBuildPhase section */
		870135731A19107E00EFEA8E /* Sources */ = {
			isa = PBXSourcesBuildPhase;
			buildActionMask = 2147483647;
			files = (
				87FEE4431A1BADEB00072A8C /* Protocols.m in Sources */,
				870135801A19107E00EFEA8E /* AppDelegate.m in Sources */,
				870135A81A19166B00EFEA8E /* DataStructures.m in Sources */,
				87FEE4491A1BB18C00072A8C /* Blocks.m in Sources */,
				8701357D1A19107E00EFEA8E /* main.m in Sources */,
				870135A51A19166200EFEA8E /* ControlFlow.m in Sources */,
			);
			runOnlyForDeploymentPostprocessing = 0;
		};
		8701358C1A19107E00EFEA8E /* Sources */ = {
			isa = PBXSourcesBuildPhase;
			buildActionMask = 2147483647;
			files = (
				870135A11A1910EB00EFEA8E /* Tests.m in Sources */,
			);
			runOnlyForDeploymentPostprocessing = 0;
		};
/* End PBXSourcesBuildPhase section */

/* Begin PBXTargetDependency section */
		870135921A19107E00EFEA8E /* PBXTargetDependency */ = {
			isa = PBXTargetDependency;
			target = 870135761A19107E00EFEA8E /* OOP1LabTest */;
			targetProxy = 870135911A19107E00EFEA8E /* PBXContainerItemProxy */;
		};
/* End PBXTargetDependency section */

/* Begin PBXVariantGroup section */
		870135891A19107E00EFEA8E /* LaunchScreen.xib */ = {
			isa = PBXVariantGroup;
			children = (
				8701358A1A19107E00EFEA8E /* Base */,
			);
			name = LaunchScreen.xib;
			sourceTree = "<group>";
		};
/* End PBXVariantGroup section */

/* Begin XCBuildConfiguration section */
		870135981A19107E00EFEA8E /* Debug */ = {
			isa = XCBuildConfiguration;
			buildSettings = {
				ALWAYS_SEARCH_USER_PATHS = NO;
				CLANG_CXX_LANGUAGE_STANDARD = "gnu++0x";
				CLANG_CXX_LIBRARY = "libc++";
				CLANG_ENABLE_MODULES = YES;
				CLANG_ENABLE_OBJC_ARC = YES;
				CLANG_WARN_BOOL_CONVERSION = YES;
				CLANG_WARN_CONSTANT_CONVERSION = YES;
				CLANG_WARN_DIRECT_OBJC_ISA_USAGE = YES_ERROR;
				CLANG_WARN_EMPTY_BODY = YES;
				CLANG_WARN_ENUM_CONVERSION = YES;
				CLANG_WARN_INT_CONVERSION = YES;
				CLANG_WARN_OBJC_ROOT_CLASS = YES_ERROR;
				CLANG_WARN_UNREACHABLE_CODE = YES;
				CLANG_WARN__DUPLICATE_METHOD_MATCH = YES;
				"CODE_SIGN_IDENTITY[sdk=iphoneos*]" = "iPhone Developer";
				COPY_PHASE_STRIP = NO;
				ENABLE_STRICT_OBJC_MSGSEND = YES;
				GCC_C_LANGUAGE_STANDARD = gnu99;
				GCC_DYNAMIC_NO_PIC = NO;
				GCC_OPTIMIZATION_LEVEL = 0;
				GCC_PREPROCESSOR_DEFINITIONS = (
					"DEBUG=1",
					"$(inherited)",
				);
				GCC_SYMBOLS_PRIVATE_EXTERN = NO;
				GCC_WARN_64_TO_32_BIT_CONVERSION = YES;
				GCC_WARN_ABOUT_RETURN_TYPE = YES_ERROR;
				GCC_WARN_UNDECLARED_SELECTOR = YES;
				GCC_WARN_UNINITIALIZED_AUTOS = YES_AGGRESSIVE;
				GCC_WARN_UNUSED_FUNCTION = YES;
				GCC_WARN_UNUSED_VARIABLE = YES;
				IPHONEOS_DEPLOYMENT_TARGET = 8.1;
				MTL_ENABLE_DEBUG_INFO = YES;
				ONLY_ACTIVE_ARCH = YES;
				SDKROOT = iphoneos;
			};
			name = Debug;
		};
		870135991A19107E00EFEA8E /* Release */ = {
			isa = XCBuildConfiguration;
			buildSettings = {
				ALWAYS_SEARCH_USER_PATHS = NO;
				CLANG_CXX_LANGUAGE_STANDARD = "gnu++0x";
				CLANG_CXX_LIBRARY = "libc++";
				CLANG_ENABLE_MODULES = YES;
				CLANG_ENABLE_OBJC_ARC = YES;
				CLANG_WARN_BOOL_CONVERSION = YES;
				CLANG_WARN_CONSTANT_CONVERSION = YES;
				CLANG_WARN_DIRECT_OBJC_ISA_USAGE = YES_ERROR;
				CLANG_WARN_EMPTY_BODY = YES;
				CLANG_WARN_ENUM_CONVERSION = YES;
				CLANG_WARN_INT_CONVERSION = YES;
				CLANG_WARN_OBJC_ROOT_CLASS = YES_ERROR;
				CLANG_WARN_UNREACHABLE_CODE = YES;
				CLANG_WARN__DUPLICATE_METHOD_MATCH = YES;
				"CODE_SIGN_IDENTITY[sdk=iphoneos*]" = "iPhone Developer";
				COPY_PHASE_STRIP = YES;
				ENABLE_NS_ASSERTIONS = NO;
				ENABLE_STRICT_OBJC_MSGSEND = YES;
				GCC_C_LANGUAGE_STANDARD = gnu99;
				GCC_WARN_64_TO_32_BIT_CONVERSION = YES;
				GCC_WARN_ABOUT_RETURN_TYPE = YES_ERROR;
				GCC_WARN_UNDECLARED_SELECTOR = YES;
				GCC_WARN_UNINITIALIZED_AUTOS = YES_AGGRESSIVE;
				GCC_WARN_UNUSED_FUNCTION = YES;
				GCC_WARN_UNUSED_VARIABLE = YES;
				IPHONEOS_DEPLOYMENT_TARGET = 8.1;
				MTL_ENABLE_DEBUG_INFO = NO;
				SDKROOT = iphoneos;
				VALIDATE_PRODUCT = YES;
			};
			name = Release;
		};
		8701359B1A19107E00EFEA8E /* Debug */ = {
			isa = XCBuildConfiguration;
			buildSettings = {
				ASSETCATALOG_COMPILER_APPICON_NAME = AppIcon;
				INFOPLIST_FILE = "OOP1LabTest/Supporting Files/Info.plist";
				LD_RUNPATH_SEARCH_PATHS = "$(inherited) @executable_path/Frameworks";
				PRODUCT_NAME = "$(TARGET_NAME)";
			};
			name = Debug;
		};
		8701359C1A19107E00EFEA8E /* Release */ = {
			isa = XCBuildConfiguration;
			buildSettings = {
				ASSETCATALOG_COMPILER_APPICON_NAME = AppIcon;
				INFOPLIST_FILE = "OOP1LabTest/Supporting Files/Info.plist";
				LD_RUNPATH_SEARCH_PATHS = "$(inherited) @executable_path/Frameworks";
				PRODUCT_NAME = "$(TARGET_NAME)";
			};
			name = Release;
		};
		8701359E1A19107E00EFEA8E /* Debug */ = {
			isa = XCBuildConfiguration;
			baseConfigurationReference = 8730940A1A1BBA4C0002009D /* Pods-OOP1LabTestTests.debug.xcconfig */;
			buildSettings = {
				BUNDLE_LOADER = "$(TEST_HOST)";
				FRAMEWORK_SEARCH_PATHS = (
					"$(SDKROOT)/Developer/Library/Frameworks",
					"$(inherited)",
				);
				GCC_PREPROCESSOR_DEFINITIONS = (
					"DEBUG=1",
					"$(inherited)",
				);
				INFOPLIST_FILE = "OOP1LabTestTests/Supporting Files/Info.plist";
				LD_RUNPATH_SEARCH_PATHS = "$(inherited) @executable_path/Frameworks @loader_path/Frameworks";
				PRODUCT_NAME = "$(TARGET_NAME)";
				TEST_HOST = "$(BUILT_PRODUCTS_DIR)/OOP1LabTest.app/OOP1LabTest";
			};
			name = Debug;
		};
		8701359F1A19107E00EFEA8E /* Release */ = {
			isa = XCBuildConfiguration;
			baseConfigurationReference = 8730940B1A1BBA4C0002009D /* Pods-OOP1LabTestTests.release.xcconfig */;
			buildSettings = {
				BUNDLE_LOADER = "$(TEST_HOST)";
				FRAMEWORK_SEARCH_PATHS = (
					"$(SDKROOT)/Developer/Library/Frameworks",
					"$(inherited)",
				);
				INFOPLIST_FILE = "OOP1LabTestTests/Supporting Files/Info.plist";
				LD_RUNPATH_SEARCH_PATHS = "$(inherited) @executable_path/Frameworks @loader_path/Frameworks";
				PRODUCT_NAME = "$(TARGET_NAME)";
				TEST_HOST = "$(BUILT_PRODUCTS_DIR)/OOP1LabTest.app/OOP1LabTest";
			};
			name = Release;
		};
/* End XCBuildConfiguration section */

/* Begin XCConfigurationList section */
		870135721A19107D00EFEA8E /* Build configuration list for PBXProject "OOP1LabTest" */ = {
			isa = XCConfigurationList;
			buildConfigurations = (
				870135981A19107E00EFEA8E /* Debug */,
				870135991A19107E00EFEA8E /* Release */,
			);
			defaultConfigurationIsVisible = 0;
			defaultConfigurationName = Release;
		};
		8701359A1A19107E00EFEA8E /* Build configuration list for PBXNativeTarget "OOP1LabTest" */ = {
			isa = XCConfigurationList;
			buildConfigurations = (
				8701359B1A19107E00EFEA8E /* Debug */,
				8701359C1A19107E00EFEA8E /* Release */,
			);
			defaultConfigurationIsVisible = 0;
			defaultConfigurationName = Release;
		};
		8701359D1A19107E00EFEA8E /* Build configuration list for PBXNativeTarget "OOP1LabTestTests" */ = {
			isa = XCConfigurationList;
			buildConfigurations = (
				8701359E1A19107E00EFEA8E /* Debug */,
				8701359F1A19107E00EFEA8E /* Release */,
			);
			defaultConfigurationIsVisible = 0;
			defaultConfigurationName = Release;
		};
/* End XCConfigurationList section */
	};
	rootObject = 8701356F1A19107D00EFEA8E /* Project object */;
}
