// !$*UTF8*$!
{
	archiveVersion = 1;
	classes = {
	};
	objectVersion = 46;
	objects = {

/* Begin PBXBuildFile section */
		874DAD5619EB52A600687CEF /* main.m in Sources */ = {isa = PBXBuildFile; fileRef = 874DAD5519EB52A600687CEF /* main.m */; };
		874DAD5919EB52A600687CEF /* AppDelegate.m in Sources */ = {isa = PBXBuildFile; fileRef = 874DAD5819EB52A600687CEF /* AppDelegate.m */; };
		874DAD5C19EB52A600687CEF /* ViewController.m in Sources */ = {isa = PBXBuildFile; fileRef = 874DAD5B19EB52A600687CEF /* ViewController.m */; };
		874DAD5F19EB52A600687CEF /* Main.storyboard in Resources */ = {isa = PBXBuildFile; fileRef = 874DAD5D19EB52A600687CEF /* Main.storyboard */; };
		874DAD6119EB52A600687CEF /* Images.xcassets in Resources */ = {isa = PBXBuildFile; fileRef = 874DAD6019EB52A600687CEF /* Images.xcassets */; };
		874DAD6419EB52A600687CEF /* LaunchScreen.xib in Resources */ = {isa = PBXBuildFile; fileRef = 874DAD6219EB52A600687CEF /* LaunchScreen.xib */; };
		874DAD7019EB52A600687CEF /* OOP1_3Tests.m in Sources */ = {isa = PBXBuildFile; fileRef = 874DAD6F19EB52A600687CEF /* OOP1_3Tests.m */; };
		874DAD7B19EB52D100687CEF /* NSArray+Second.m in Sources */ = {isa = PBXBuildFile; fileRef = 874DAD7A19EB52D100687CEF /* NSArray+Second.m */; };
/* End PBXBuildFile section */

/* Begin PBXContainerItemProxy section */
		874DAD6A19EB52A600687CEF /* PBXContainerItemProxy */ = {
			isa = PBXContainerItemProxy;
			containerPortal = 874DAD4819EB52A600687CEF /* Project object */;
			proxyType = 1;
			remoteGlobalIDString = 874DAD4F19EB52A600687CEF;
			remoteInfo = OOP1.3;
		};
/* End PBXContainerItemProxy section */

/* Begin PBXFileReference section */
		874DAD5019EB52A600687CEF /* OOP1.3.app */ = {isa = PBXFileReference; explicitFileType = wrapper.application; includeInIndex = 0; path = OOP1.3.app; sourceTree = BUILT_PRODUCTS_DIR; };
		874DAD5419EB52A600687CEF /* Info.plist */ = {isa = PBXFileReference; lastKnownFileType = text.plist.xml; path = Info.plist; sourceTree = "<group>"; };
		874DAD5519EB52A600687CEF /* main.m */ = {isa = PBXFileReference; lastKnownFileType = sourcecode.c.objc; path = main.m; sourceTree = "<group>"; };
		874DAD5719EB52A600687CEF /* AppDelegate.h */ = {isa = PBXFileReference; lastKnownFileType = sourcecode.c.h; path = AppDelegate.h; sourceTree = "<group>"; };
		874DAD5819EB52A600687CEF /* AppDelegate.m */ = {isa = PBXFileReference; lastKnownFileType = sourcecode.c.objc; path = AppDelegate.m; sourceTree = "<group>"; };
		874DAD5A19EB52A600687CEF /* ViewController.h */ = {isa = PBXFileReference; lastKnownFileType = sourcecode.c.h; path = ViewController.h; sourceTree = "<group>"; };
		874DAD5B19EB52A600687CEF /* ViewController.m */ = {isa = PBXFileReference; lastKnownFileType = sourcecode.c.objc; path = ViewController.m; sourceTree = "<group>"; };
		874DAD5E19EB52A600687CEF /* Base */ = {isa = PBXFileReference; lastKnownFileType = file.storyboard; name = Base; path = Base.lproj/Main.storyboard; sourceTree = "<group>"; };
		874DAD6019EB52A600687CEF /* Images.xcassets */ = {isa = PBXFileReference; lastKnownFileType = folder.assetcatalog; path = Images.xcassets; sourceTree = "<group>"; };
		874DAD6319EB52A600687CEF /* Base */ = {isa = PBXFileReference; lastKnownFileType = file.xib; name = Base; path = Base.lproj/LaunchScreen.xib; sourceTree = "<group>"; };
		874DAD6919EB52A600687CEF /* OOP1.3Tests.xctest */ = {isa = PBXFileReference; explicitFileType = wrapper.cfbundle; includeInIndex = 0; path = OOP1.3Tests.xctest; sourceTree = BUILT_PRODUCTS_DIR; };
		874DAD6E19EB52A600687CEF /* Info.plist */ = {isa = PBXFileReference; lastKnownFileType = text.plist.xml; path = Info.plist; sourceTree = "<group>"; };
		874DAD6F19EB52A600687CEF /* OOP1_3Tests.m */ = {isa = PBXFileReference; lastKnownFileType = sourcecode.c.objc; path = OOP1_3Tests.m; sourceTree = "<group>"; };
		874DAD7919EB52D100687CEF /* NSArray+Second.h */ = {isa = PBXFileReference; fileEncoding = 4; lastKnownFileType = sourcecode.c.h; path = "NSArray+Second.h"; sourceTree = "<group>"; };
		874DAD7A19EB52D100687CEF /* NSArray+Second.m */ = {isa = PBXFileReference; fileEncoding = 4; lastKnownFileType = sourcecode.c.objc; path = "NSArray+Second.m"; sourceTree = "<group>"; };
/* End PBXFileReference section */

/* Begin PBXFrameworksBuildPhase section */
		874DAD4D19EB52A600687CEF /* Frameworks */ = {
			isa = PBXFrameworksBuildPhase;
			buildActionMask = 2147483647;
			files = (
			);
			runOnlyForDeploymentPostprocessing = 0;
		};
		874DAD6619EB52A600687CEF /* Frameworks */ = {
			isa = PBXFrameworksBuildPhase;
			buildActionMask = 2147483647;
			files = (
			);
			runOnlyForDeploymentPostprocessing = 0;
		};
/* End PBXFrameworksBuildPhase section */

/* Begin PBXGroup section */
		874DAD4719EB52A600687CEF = {
			isa = PBXGroup;
			children = (
				874DAD5219EB52A600687CEF /* OOP1.3 */,
				874DAD6C19EB52A600687CEF /* OOP1.3Tests */,
				874DAD5119EB52A600687CEF /* Products */,
			);
			sourceTree = "<group>";
		};
		874DAD5119EB52A600687CEF /* Products */ = {
			isa = PBXGroup;
			children = (
				874DAD5019EB52A600687CEF /* OOP1.3.app */,
				874DAD6919EB52A600687CEF /* OOP1.3Tests.xctest */,
			);
			name = Products;
			sourceTree = "<group>";
		};
		874DAD5219EB52A600687CEF /* OOP1.3 */ = {
			isa = PBXGroup;
			children = (
				874DAD5719EB52A600687CEF /* AppDelegate.h */,
				874DAD5819EB52A600687CEF /* AppDelegate.m */,
				874DAD5A19EB52A600687CEF /* ViewController.h */,
				874DAD5B19EB52A600687CEF /* ViewController.m */,
				874DAD7919EB52D100687CEF /* NSArray+Second.h */,
				874DAD7A19EB52D100687CEF /* NSArray+Second.m */,
				874DAD5D19EB52A600687CEF /* Main.storyboard */,
				874DAD6019EB52A600687CEF /* Images.xcassets */,
				874DAD6219EB52A600687CEF /* LaunchScreen.xib */,
				874DAD5319EB52A600687CEF /* Supporting Files */,
			);
			path = OOP1.3;
			sourceTree = "<group>";
		};
		874DAD5319EB52A600687CEF /* Supporting Files */ = {
			isa = PBXGroup;
			children = (
				874DAD5419EB52A600687CEF /* Info.plist */,
				874DAD5519EB52A600687CEF /* main.m */,
			);
			name = "Supporting Files";
			sourceTree = "<group>";
		};
		874DAD6C19EB52A600687CEF /* OOP1.3Tests */ = {
			isa = PBXGroup;
			children = (
				874DAD6F19EB52A600687CEF /* OOP1_3Tests.m */,
				874DAD6D19EB52A600687CEF /* Supporting Files */,
			);
			path = OOP1.3Tests;
			sourceTree = "<group>";
		};
		874DAD6D19EB52A600687CEF /* Supporting Files */ = {
			isa = PBXGroup;
			children = (
				874DAD6E19EB52A600687CEF /* Info.plist */,
			);
			name = "Supporting Files";
			sourceTree = "<group>";
		};
/* End PBXGroup section */

/* Begin PBXNativeTarget section */
		874DAD4F19EB52A600687CEF /* OOP1.3 */ = {
			isa = PBXNativeTarget;
			buildConfigurationList = 874DAD7319EB52A600687CEF /* Build configuration list for PBXNativeTarget "OOP1.3" */;
			buildPhases = (
				874DAD4C19EB52A600687CEF /* Sources */,
				874DAD4D19EB52A600687CEF /* Frameworks */,
				874DAD4E19EB52A600687CEF /* Resources */,
			);
			buildRules = (
			);
			dependencies = (
			);
			name = OOP1.3;
			productName = OOP1.3;
			productReference = 874DAD5019EB52A600687CEF /* OOP1.3.app */;
			productType = "com.apple.product-type.application";
		};
		874DAD6819EB52A600687CEF /* OOP1.3Tests */ = {
			isa = PBXNativeTarget;
			buildConfigurationList = 874DAD7619EB52A600687CEF /* Build configuration list for PBXNativeTarget "OOP1.3Tests" */;
			buildPhases = (
				874DAD6519EB52A600687CEF /* Sources */,
				874DAD6619EB52A600687CEF /* Frameworks */,
				874DAD6719EB52A600687CEF /* Resources */,
			);
			buildRules = (
			);
			dependencies = (
				874DAD6B19EB52A600687CEF /* PBXTargetDependency */,
			);
			name = OOP1.3Tests;
			productName = OOP1.3Tests;
			productReference = 874DAD6919EB52A600687CEF /* OOP1.3Tests.xctest */;
			productType = "com.apple.product-type.bundle.unit-test";
		};
/* End PBXNativeTarget section */

/* Begin PBXProject section */
		874DAD4819EB52A600687CEF /* Project object */ = {
			isa = PBXProject;
			attributes = {
				LastUpgradeCheck = 0600;
				ORGANIZATIONNAME = ZD;
				TargetAttributes = {
					874DAD4F19EB52A600687CEF = {
						CreatedOnToolsVersion = 6.0;
					};
					874DAD6819EB52A600687CEF = {
						CreatedOnToolsVersion = 6.0;
						TestTargetID = 874DAD4F19EB52A600687CEF;
					};
				};
			};
			buildConfigurationList = 874DAD4B19EB52A600687CEF /* Build configuration list for PBXProject "OOP1.3" */;
			compatibilityVersion = "Xcode 3.2";
			developmentRegion = English;
			hasScannedForEncodings = 0;
			knownRegions = (
				en,
				Base,
			);
			mainGroup = 874DAD4719EB52A600687CEF;
			productRefGroup = 874DAD5119EB52A600687CEF /* Products */;
			projectDirPath = "";
			projectRoot = "";
			targets = (
				874DAD4F19EB52A600687CEF /* OOP1.3 */,
				874DAD6819EB52A600687CEF /* OOP1.3Tests */,
			);
		};
/* End PBXProject section */

/* Begin PBXResourcesBuildPhase section */
		874DAD4E19EB52A600687CEF /* Resources */ = {
			isa = PBXResourcesBuildPhase;
			buildActionMask = 2147483647;
			files = (
				874DAD5F19EB52A600687CEF /* Main.storyboard in Resources */,
				874DAD6419EB52A600687CEF /* LaunchScreen.xib in Resources */,
				874DAD6119EB52A600687CEF /* Images.xcassets in Resources */,
			);
			runOnlyForDeploymentPostprocessing = 0;
		};
		874DAD6719EB52A600687CEF /* Resources */ = {
			isa = PBXResourcesBuildPhase;
			buildActionMask = 2147483647;
			files = (
			);
			runOnlyForDeploymentPostprocessing = 0;
		};
/* End PBXResourcesBuildPhase section */

/* Begin PBXSourcesBuildPhase section */
		874DAD4C19EB52A600687CEF /* Sources */ = {
			isa = PBXSourcesBuildPhase;
			buildActionMask = 2147483647;
			files = (
				874DAD5C19EB52A600687CEF /* ViewController.m in Sources */,
				874DAD5919EB52A600687CEF /* AppDelegate.m in Sources */,
				874DAD7B19EB52D100687CEF /* NSArray+Second.m in Sources */,
				874DAD5619EB52A600687CEF /* main.m in Sources */,
			);
			runOnlyForDeploymentPostprocessing = 0;
		};
		874DAD6519EB52A600687CEF /* Sources */ = {
			isa = PBXSourcesBuildPhase;
			buildActionMask = 2147483647;
			files = (
				874DAD7019EB52A600687CEF /* OOP1_3Tests.m in Sources */,
			);
			runOnlyForDeploymentPostprocessing = 0;
		};
/* End PBXSourcesBuildPhase section */

/* Begin PBXTargetDependency section */
		874DAD6B19EB52A600687CEF /* PBXTargetDependency */ = {
			isa = PBXTargetDependency;
			target = 874DAD4F19EB52A600687CEF /* OOP1.3 */;
			targetProxy = 874DAD6A19EB52A600687CEF /* PBXContainerItemProxy */;
		};
/* End PBXTargetDependency section */

/* Begin PBXVariantGroup section */
		874DAD5D19EB52A600687CEF /* Main.storyboard */ = {
			isa = PBXVariantGroup;
			children = (
				874DAD5E19EB52A600687CEF /* Base */,
			);
			name = Main.storyboard;
			sourceTree = "<group>";
		};
		874DAD6219EB52A600687CEF /* LaunchScreen.xib */ = {
			isa = PBXVariantGroup;
			children = (
				874DAD6319EB52A600687CEF /* Base */,
			);
			name = LaunchScreen.xib;
			sourceTree = "<group>";
		};
/* End PBXVariantGroup section */

/* Begin XCBuildConfiguration section */
		874DAD7119EB52A600687CEF /* Debug */ = {
			isa = XCBuildConfiguration;
			buildSettings = {
				ALWAYS_SEARCH_USER_PATHS = NO;
				CLANG_CXX_LANGUAGE_STANDARD = "gnu++0x";
				CLANG_CXX_LIBRARY = "libc++";
				CLANG_ENABLE_MODULES = YES;
				CLANG_ENABLE_OBJC_ARC = YES;
				CLANG_WARN_BOOL_CONVERSION = YES;
				CLANG_WARN_CONSTANT_CONVERSION = YES;
				CLANG_WARN_DIRECT_OBJC_ISA_USAGE = YES_ERROR;
				CLANG_WARN_EMPTY_BODY = YES;
				CLANG_WARN_ENUM_CONVERSION = YES;
				CLANG_WARN_INT_CONVERSION = YES;
				CLANG_WARN_OBJC_ROOT_CLASS = YES_ERROR;
				CLANG_WARN_UNREACHABLE_CODE = YES;
				CLANG_WARN__DUPLICATE_METHOD_MATCH = YES;
				"CODE_SIGN_IDENTITY[sdk=iphoneos*]" = "iPhone Developer";
				COPY_PHASE_STRIP = NO;
				ENABLE_STRICT_OBJC_MSGSEND = YES;
				GCC_C_LANGUAGE_STANDARD = gnu99;
				GCC_DYNAMIC_NO_PIC = NO;
				GCC_OPTIMIZATION_LEVEL = 0;
				GCC_PREPROCESSOR_DEFINITIONS = (
					"DEBUG=1",
					"$(inherited)",
				);
				GCC_SYMBOLS_PRIVATE_EXTERN = NO;
				GCC_WARN_64_TO_32_BIT_CONVERSION = YES;
				GCC_WARN_ABOUT_RETURN_TYPE = YES_ERROR;
				GCC_WARN_UNDECLARED_SELECTOR = YES;
				GCC_WARN_UNINITIALIZED_AUTOS = YES_AGGRESSIVE;
				GCC_WARN_UNUSED_FUNCTION = YES;
				GCC_WARN_UNUSED_VARIABLE = YES;
				IPHONEOS_DEPLOYMENT_TARGET = 8.0;
				MTL_ENABLE_DEBUG_INFO = YES;
				ONLY_ACTIVE_ARCH = YES;
				SDKROOT = iphoneos;
			};
			name = Debug;
		};
		874DAD7219EB52A600687CEF /* Release */ = {
			isa = XCBuildConfiguration;
			buildSettings = {
				ALWAYS_SEARCH_USER_PATHS = NO;
				CLANG_CXX_LANGUAGE_STANDARD = "gnu++0x";
				CLANG_CXX_LIBRARY = "libc++";
				CLANG_ENABLE_MODULES = YES;
				CLANG_ENABLE_OBJC_ARC = YES;
				CLANG_WARN_BOOL_CONVERSION = YES;
				CLANG_WARN_CONSTANT_CONVERSION = YES;
				CLANG_WARN_DIRECT_OBJC_ISA_USAGE = YES_ERROR;
				CLANG_WARN_EMPTY_BODY = YES;
				CLANG_WARN_ENUM_CONVERSION = YES;
				CLANG_WARN_INT_CONVERSION = YES;
				CLANG_WARN_OBJC_ROOT_CLASS = YES_ERROR;
				CLANG_WARN_UNREACHABLE_CODE = YES;
				CLANG_WARN__DUPLICATE_METHOD_MATCH = YES;
				"CODE_SIGN_IDENTITY[sdk=iphoneos*]" = "iPhone Developer";
				COPY_PHASE_STRIP = YES;
				ENABLE_NS_ASSERTIONS = NO;
				ENABLE_STRICT_OBJC_MSGSEND = YES;
				GCC_C_LANGUAGE_STANDARD = gnu99;
				GCC_WARN_64_TO_32_BIT_CONVERSION = YES;
				GCC_WARN_ABOUT_RETURN_TYPE = YES_ERROR;
				GCC_WARN_UNDECLARED_SELECTOR = YES;
				GCC_WARN_UNINITIALIZED_AUTOS = YES_AGGRESSIVE;
				GCC_WARN_UNUSED_FUNCTION = YES;
				GCC_WARN_UNUSED_VARIABLE = YES;
				IPHONEOS_DEPLOYMENT_TARGET = 8.0;
				MTL_ENABLE_DEBUG_INFO = NO;
				SDKROOT = iphoneos;
				VALIDATE_PRODUCT = YES;
			};
			name = Release;
		};
		874DAD7419EB52A600687CEF /* Debug */ = {
			isa = XCBuildConfiguration;
			buildSettings = {
				ASSETCATALOG_COMPILER_APPICON_NAME = AppIcon;
				INFOPLIST_FILE = OOP1.3/Info.plist;
				LD_RUNPATH_SEARCH_PATHS = "$(inherited) @executable_path/Frameworks";
				PRODUCT_NAME = "$(TARGET_NAME)";
			};
			name = Debug;
		};
		874DAD7519EB52A600687CEF /* Release */ = {
			isa = XCBuildConfiguration;
			buildSettings = {
				ASSETCATALOG_COMPILER_APPICON_NAME = AppIcon;
				INFOPLIST_FILE = OOP1.3/Info.plist;
				LD_RUNPATH_SEARCH_PATHS = "$(inherited) @executable_path/Frameworks";
				PRODUCT_NAME = "$(TARGET_NAME)";
			};
			name = Release;
		};
		874DAD7719EB52A600687CEF /* Debug */ = {
			isa = XCBuildConfiguration;
			buildSettings = {
				BUNDLE_LOADER = "$(TEST_HOST)";
				FRAMEWORK_SEARCH_PATHS = (
					"$(SDKROOT)/Developer/Library/Frameworks",
					"$(inherited)",
				);
				GCC_PREPROCESSOR_DEFINITIONS = (
					"DEBUG=1",
					"$(inherited)",
				);
				INFOPLIST_FILE = OOP1.3Tests/Info.plist;
				LD_RUNPATH_SEARCH_PATHS = "$(inherited) @executable_path/Frameworks @loader_path/Frameworks";
				PRODUCT_NAME = "$(TARGET_NAME)";
				TEST_HOST = "$(BUILT_PRODUCTS_DIR)/OOP1.3.app/OOP1.3";
			};
			name = Debug;
		};
		874DAD7819EB52A600687CEF /* Release */ = {
			isa = XCBuildConfiguration;
			buildSettings = {
				BUNDLE_LOADER = "$(TEST_HOST)";
				FRAMEWORK_SEARCH_PATHS = (
					"$(SDKROOT)/Developer/Library/Frameworks",
					"$(inherited)",
				);
				INFOPLIST_FILE = OOP1.3Tests/Info.plist;
				LD_RUNPATH_SEARCH_PATHS = "$(inherited) @executable_path/Frameworks @loader_path/Frameworks";
				PRODUCT_NAME = "$(TARGET_NAME)";
				TEST_HOST = "$(BUILT_PRODUCTS_DIR)/OOP1.3.app/OOP1.3";
			};
			name = Release;
		};
/* End XCBuildConfiguration section */

/* Begin XCConfigurationList section */
		874DAD4B19EB52A600687CEF /* Build configuration list for PBXProject "OOP1.3" */ = {
			isa = XCConfigurationList;
			buildConfigurations = (
				874DAD7119EB52A600687CEF /* Debug */,
				874DAD7219EB52A600687CEF /* Release */,
			);
			defaultConfigurationIsVisible = 0;
			defaultConfigurationName = Release;
		};
		874DAD7319EB52A600687CEF /* Build configuration list for PBXNativeTarget "OOP1.3" */ = {
			isa = XCConfigurationList;
			buildConfigurations = (
				874DAD7419EB52A600687CEF /* Debug */,
				874DAD7519EB52A600687CEF /* Release */,
			);
			defaultConfigurationIsVisible = 0;
		};
		874DAD7619EB52A600687CEF /* Build configuration list for PBXNativeTarget "OOP1.3Tests" */ = {
			isa = XCConfigurationList;
			buildConfigurations = (
				874DAD7719EB52A600687CEF /* Debug */,
				874DAD7819EB52A600687CEF /* Release */,
			);
			defaultConfigurationIsVisible = 0;
		};
/* End XCConfigurationList section */
	};
	rootObject = 874DAD4819EB52A600687CEF /* Project object */;
}
