// !$*UTF8*$!
{
	archiveVersion = 1;
	classes = {
	};
	objectVersion = 46;
	objects = {

/* Begin PBXBuildFile section */
		874DACEF19EB410200687CEF /* main.m in Sources */ = {isa = PBXBuildFile; fileRef = 874DACEE19EB410200687CEF /* main.m */; };
		874DACF219EB410200687CEF /* AppDelegate.m in Sources */ = {isa = PBXBuildFile; fileRef = 874DACF119EB410200687CEF /* AppDelegate.m */; };
		874DACF519EB410200687CEF /* ViewController.m in Sources */ = {isa = PBXBuildFile; fileRef = 874DACF419EB410200687CEF /* ViewController.m */; };
		874DACF819EB410200687CEF /* Main.storyboard in Resources */ = {isa = PBXBuildFile; fileRef = 874DACF619EB410200687CEF /* Main.storyboard */; };
		874DACFA19EB410200687CEF /* Images.xcassets in Resources */ = {isa = PBXBuildFile; fileRef = 874DACF919EB410200687CEF /* Images.xcassets */; };
		874DACFD19EB410200687CEF /* LaunchScreen.xib in Resources */ = {isa = PBXBuildFile; fileRef = 874DACFB19EB410200687CEF /* LaunchScreen.xib */; };
		874DAD1419EB416100687CEF /* User.m in Sources */ = {isa = PBXBuildFile; fileRef = 874DAD1319EB416100687CEF /* User.m */; };
		87572C6319EC41B400B243F7 /* Info.plist in Resources */ = {isa = PBXBuildFile; fileRef = 87572C6219EC41B400B243F7 /* Info.plist */; };
		87572C9B19EC69DC00B243F7 /* NSString+MyCategory.m in Sources */ = {isa = PBXBuildFile; fileRef = 87572C9A19EC69DC00B243F7 /* NSString+MyCategory.m */; };
/* End PBXBuildFile section */

/* Begin PBXFileReference section */
		874DACE919EB410200687CEF /* OOP1.app */ = {isa = PBXFileReference; explicitFileType = wrapper.application; includeInIndex = 0; path = OOP1.app; sourceTree = BUILT_PRODUCTS_DIR; };
		874DACEE19EB410200687CEF /* main.m */ = {isa = PBXFileReference; lastKnownFileType = sourcecode.c.objc; path = main.m; sourceTree = "<group>"; };
		874DACF019EB410200687CEF /* AppDelegate.h */ = {isa = PBXFileReference; lastKnownFileType = sourcecode.c.h; path = AppDelegate.h; sourceTree = "<group>"; };
		874DACF119EB410200687CEF /* AppDelegate.m */ = {isa = PBXFileReference; lastKnownFileType = sourcecode.c.objc; path = AppDelegate.m; sourceTree = "<group>"; };
		874DACF319EB410200687CEF /* ViewController.h */ = {isa = PBXFileReference; lastKnownFileType = sourcecode.c.h; path = ViewController.h; sourceTree = "<group>"; };
		874DACF419EB410200687CEF /* ViewController.m */ = {isa = PBXFileReference; lastKnownFileType = sourcecode.c.objc; path = ViewController.m; sourceTree = "<group>"; };
		874DACF719EB410200687CEF /* Base */ = {isa = PBXFileReference; lastKnownFileType = file.storyboard; name = Base; path = Base.lproj/Main.storyboard; sourceTree = "<group>"; };
		874DACF919EB410200687CEF /* Images.xcassets */ = {isa = PBXFileReference; lastKnownFileType = folder.assetcatalog; path = Images.xcassets; sourceTree = "<group>"; };
		874DACFC19EB410200687CEF /* Base */ = {isa = PBXFileReference; lastKnownFileType = file.xib; name = Base; path = Base.lproj/LaunchScreen.xib; sourceTree = "<group>"; };
		874DAD1219EB416100687CEF /* User.h */ = {isa = PBXFileReference; fileEncoding = 4; lastKnownFileType = sourcecode.c.h; path = User.h; sourceTree = "<group>"; };
		874DAD1319EB416100687CEF /* User.m */ = {isa = PBXFileReference; fileEncoding = 4; lastKnownFileType = sourcecode.c.objc; path = User.m; sourceTree = "<group>"; };
		87572C6219EC41B400B243F7 /* Info.plist */ = {isa = PBXFileReference; fileEncoding = 4; lastKnownFileType = text.plist.xml; path = Info.plist; sourceTree = "<group>"; };
		87572C9919EC69DC00B243F7 /* NSString+MyCategory.h */ = {isa = PBXFileReference; fileEncoding = 4; lastKnownFileType = sourcecode.c.h; path = "NSString+MyCategory.h"; sourceTree = "<group>"; };
		87572C9A19EC69DC00B243F7 /* NSString+MyCategory.m */ = {isa = PBXFileReference; fileEncoding = 4; lastKnownFileType = sourcecode.c.objc; path = "NSString+MyCategory.m"; sourceTree = "<group>"; };
/* End PBXFileReference section */

/* Begin PBXFrameworksBuildPhase section */
		874DACE619EB410200687CEF /* Frameworks */ = {
			isa = PBXFrameworksBuildPhase;
			buildActionMask = 2147483647;
			files = (
			);
			runOnlyForDeploymentPostprocessing = 0;
		};
/* End PBXFrameworksBuildPhase section */

/* Begin PBXGroup section */
		874DACE019EB410200687CEF = {
			isa = PBXGroup;
			children = (
				874DACEB19EB410200687CEF /* OOP1 */,
				874DACEA19EB410200687CEF /* Products */,
			);
			sourceTree = "<group>";
		};
		874DACEA19EB410200687CEF /* Products */ = {
			isa = PBXGroup;
			children = (
				874DACE919EB410200687CEF /* OOP1.app */,
			);
			name = Products;
			sourceTree = "<group>";
		};
		874DACEB19EB410200687CEF /* OOP1 */ = {
			isa = PBXGroup;
			children = (
				874DACF019EB410200687CEF /* AppDelegate.h */,
				874DACF119EB410200687CEF /* AppDelegate.m */,
				874DACF319EB410200687CEF /* ViewController.h */,
				874DACF419EB410200687CEF /* ViewController.m */,
				874DAD1219EB416100687CEF /* User.h */,
				874DAD1319EB416100687CEF /* User.m */,
				87572C9919EC69DC00B243F7 /* NSString+MyCategory.h */,
				87572C9A19EC69DC00B243F7 /* NSString+MyCategory.m */,
				874DACF619EB410200687CEF /* Main.storyboard */,
				874DACF919EB410200687CEF /* Images.xcassets */,
				874DACFB19EB410200687CEF /* LaunchScreen.xib */,
				874DACEC19EB410200687CEF /* Supporting Files */,
			);
			path = OOP1;
			sourceTree = "<group>";
		};
		874DACEC19EB410200687CEF /* Supporting Files */ = {
			isa = PBXGroup;
			children = (
				87572C6219EC41B400B243F7 /* Info.plist */,
				874DACEE19EB410200687CEF /* main.m */,
			);
			name = "Supporting Files";
			sourceTree = "<group>";
		};
/* End PBXGroup section */

/* Begin PBXNativeTarget section */
		874DACE819EB410200687CEF /* OOP1 */ = {
			isa = PBXNativeTarget;
			buildConfigurationList = 874DAD0C19EB410200687CEF /* Build configuration list for PBXNativeTarget "OOP1" */;
			buildPhases = (
				874DACE519EB410200687CEF /* Sources */,
				874DACE619EB410200687CEF /* Frameworks */,
				874DACE719EB410200687CEF /* Resources */,
			);
			buildRules = (
			);
			dependencies = (
			);
			name = OOP1;
			productName = OOP1;
			productReference = 874DACE919EB410200687CEF /* OOP1.app */;
			productType = "com.apple.product-type.application";
		};
/* End PBXNativeTarget section */

/* Begin PBXProject section */
		874DACE119EB410200687CEF /* Project object */ = {
			isa = PBXProject;
			attributes = {
				LastUpgradeCheck = 0600;
				ORGANIZATIONNAME = ZD;
				TargetAttributes = {
					874DACE819EB410200687CEF = {
						CreatedOnToolsVersion = 6.0;
					};
				};
			};
			buildConfigurationList = 874DACE419EB410200687CEF /* Build configuration list for PBXProject "OOP1" */;
			compatibilityVersion = "Xcode 3.2";
			developmentRegion = English;
			hasScannedForEncodings = 0;
			knownRegions = (
				en,
				Base,
			);
			mainGroup = 874DACE019EB410200687CEF;
			productRefGroup = 874DACEA19EB410200687CEF /* Products */;
			projectDirPath = "";
			projectRoot = "";
			targets = (
				874DACE819EB410200687CEF /* OOP1 */,
			);
		};
/* End PBXProject section */

/* Begin PBXResourcesBuildPhase section */
		874DACE719EB410200687CEF /* Resources */ = {
			isa = PBXResourcesBuildPhase;
			buildActionMask = 2147483647;
			files = (
				87572C6319EC41B400B243F7 /* Info.plist in Resources */,
				874DACF819EB410200687CEF /* Main.storyboard in Resources */,
				874DACFD19EB410200687CEF /* LaunchScreen.xib in Resources */,
				874DACFA19EB410200687CEF /* Images.xcassets in Resources */,
			);
			runOnlyForDeploymentPostprocessing = 0;
		};
/* End PBXResourcesBuildPhase section */

/* Begin PBXSourcesBuildPhase section */
		874DACE519EB410200687CEF /* Sources */ = {
			isa = PBXSourcesBuildPhase;
			buildActionMask = 2147483647;
			files = (
				87572C9B19EC69DC00B243F7 /* NSString+MyCategory.m in Sources */,
				874DACF519EB410200687CEF /* ViewController.m in Sources */,
				874DACF219EB410200687CEF /* AppDelegate.m in Sources */,
				874DACEF19EB410200687CEF /* main.m in Sources */,
				874DAD1419EB416100687CEF /* User.m in Sources */,
			);
			runOnlyForDeploymentPostprocessing = 0;
		};
/* End PBXSourcesBuildPhase section */

/* Begin PBXVariantGroup section */
		874DACF619EB410200687CEF /* Main.storyboard */ = {
			isa = PBXVariantGroup;
			children = (
				874DACF719EB410200687CEF /* Base */,
			);
			name = Main.storyboard;
			sourceTree = "<group>";
		};
		874DACFB19EB410200687CEF /* LaunchScreen.xib */ = {
			isa = PBXVariantGroup;
			children = (
				874DACFC19EB410200687CEF /* Base */,
			);
			name = LaunchScreen.xib;
			sourceTree = "<group>";
		};
/* End PBXVariantGroup section */

/* Begin XCBuildConfiguration section */
		874DAD0A19EB410200687CEF /* Debug */ = {
			isa = XCBuildConfiguration;
			buildSettings = {
				ALWAYS_SEARCH_USER_PATHS = NO;
				CLANG_CXX_LANGUAGE_STANDARD = "gnu++0x";
				CLANG_CXX_LIBRARY = "libc++";
				CLANG_ENABLE_MODULES = YES;
				CLANG_ENABLE_OBJC_ARC = YES;
				CLANG_WARN_BOOL_CONVERSION = YES;
				CLANG_WARN_CONSTANT_CONVERSION = YES;
				CLANG_WARN_DIRECT_OBJC_ISA_USAGE = YES_ERROR;
				CLANG_WARN_EMPTY_BODY = YES;
				CLANG_WARN_ENUM_CONVERSION = YES;
				CLANG_WARN_INT_CONVERSION = YES;
				CLANG_WARN_OBJC_ROOT_CLASS = YES_ERROR;
				CLANG_WARN_UNREACHABLE_CODE = YES;
				CLANG_WARN__DUPLICATE_METHOD_MATCH = YES;
				"CODE_SIGN_IDENTITY[sdk=iphoneos*]" = "iPhone Developer";
				COPY_PHASE_STRIP = NO;
				ENABLE_STRICT_OBJC_MSGSEND = YES;
				GCC_C_LANGUAGE_STANDARD = gnu99;
				GCC_DYNAMIC_NO_PIC = NO;
				GCC_OPTIMIZATION_LEVEL = 0;
				GCC_PREPROCESSOR_DEFINITIONS = (
					"DEBUG=1",
					"$(inherited)",
				);
				GCC_SYMBOLS_PRIVATE_EXTERN = NO;
				GCC_WARN_64_TO_32_BIT_CONVERSION = YES;
				GCC_WARN_ABOUT_RETURN_TYPE = YES_ERROR;
				GCC_WARN_UNDECLARED_SELECTOR = YES;
				GCC_WARN_UNINITIALIZED_AUTOS = YES_AGGRESSIVE;
				GCC_WARN_UNUSED_FUNCTION = YES;
				GCC_WARN_UNUSED_VARIABLE = YES;
				IPHONEOS_DEPLOYMENT_TARGET = 8.0;
				MTL_ENABLE_DEBUG_INFO = YES;
				ONLY_ACTIVE_ARCH = YES;
				SDKROOT = iphoneos;
			};
			name = Debug;
		};
		874DAD0B19EB410200687CEF /* Release */ = {
			isa = XCBuildConfiguration;
			buildSettings = {
				ALWAYS_SEARCH_USER_PATHS = NO;
				CLANG_CXX_LANGUAGE_STANDARD = "gnu++0x";
				CLANG_CXX_LIBRARY = "libc++";
				CLANG_ENABLE_MODULES = YES;
				CLANG_ENABLE_OBJC_ARC = YES;
				CLANG_WARN_BOOL_CONVERSION = YES;
				CLANG_WARN_CONSTANT_CONVERSION = YES;
				CLANG_WARN_DIRECT_OBJC_ISA_USAGE = YES_ERROR;
				CLANG_WARN_EMPTY_BODY = YES;
				CLANG_WARN_ENUM_CONVERSION = YES;
				CLANG_WARN_INT_CONVERSION = YES;
				CLANG_WARN_OBJC_ROOT_CLASS = YES_ERROR;
				CLANG_WARN_UNREACHABLE_CODE = YES;
				CLANG_WARN__DUPLICATE_METHOD_MATCH = YES;
				"CODE_SIGN_IDENTITY[sdk=iphoneos*]" = "iPhone Developer";
				COPY_PHASE_STRIP = YES;
				ENABLE_NS_ASSERTIONS = NO;
				ENABLE_STRICT_OBJC_MSGSEND = YES;
				GCC_C_LANGUAGE_STANDARD = gnu99;
				GCC_WARN_64_TO_32_BIT_CONVERSION = YES;
				GCC_WARN_ABOUT_RETURN_TYPE = YES_ERROR;
				GCC_WARN_UNDECLARED_SELECTOR = YES;
				GCC_WARN_UNINITIALIZED_AUTOS = YES_AGGRESSIVE;
				GCC_WARN_UNUSED_FUNCTION = YES;
				GCC_WARN_UNUSED_VARIABLE = YES;
				IPHONEOS_DEPLOYMENT_TARGET = 8.0;
				MTL_ENABLE_DEBUG_INFO = NO;
				SDKROOT = iphoneos;
				VALIDATE_PRODUCT = YES;
			};
			name = Release;
		};
		874DAD0D19EB410200687CEF /* Debug */ = {
			isa = XCBuildConfiguration;
			buildSettings = {
				ASSETCATALOG_COMPILER_APPICON_NAME = AppIcon;
				INFOPLIST_FILE = OOP1/Info.plist;
				LD_RUNPATH_SEARCH_PATHS = "$(inherited) @executable_path/Frameworks";
				PRODUCT_NAME = "$(TARGET_NAME)";
			};
			name = Debug;
		};
		874DAD0E19EB410200687CEF /* Release */ = {
			isa = XCBuildConfiguration;
			buildSettings = {
				ASSETCATALOG_COMPILER_APPICON_NAME = AppIcon;
				INFOPLIST_FILE = OOP1/Info.plist;
				LD_RUNPATH_SEARCH_PATHS = "$(inherited) @executable_path/Frameworks";
				PRODUCT_NAME = "$(TARGET_NAME)";
			};
			name = Release;
		};
/* End XCBuildConfiguration section */

/* Begin XCConfigurationList section */
		874DACE419EB410200687CEF /* Build configuration list for PBXProject "OOP1" */ = {
			isa = XCConfigurationList;
			buildConfigurations = (
				874DAD0A19EB410200687CEF /* Debug */,
				874DAD0B19EB410200687CEF /* Release */,
			);
			defaultConfigurationIsVisible = 0;
			defaultConfigurationName = Release;
		};
		874DAD0C19EB410200687CEF /* Build configuration list for PBXNativeTarget "OOP1" */ = {
			isa = XCConfigurationList;
			buildConfigurations = (
				874DAD0D19EB410200687CEF /* Debug */,
				874DAD0E19EB410200687CEF /* Release */,
			);
			defaultConfigurationIsVisible = 0;
			defaultConfigurationName = Release;
		};
/* End XCConfigurationList section */
	};
	rootObject = 874DACE119EB410200687CEF /* Project object */;
}
