// !$*UTF8*$!
{
	archiveVersion = 1;
	classes = {
	};
	objectVersion = 46;
	objects = {

/* Begin PBXBuildFile section */
		873F043F1A2CEA2000A5BC29 /* main.m in Sources */ = {isa = PBXBuildFile; fileRef = 873F043E1A2CEA2000A5BC29 /* main.m */; };
		873F04421A2CEA2000A5BC29 /* AppDelegate.m in Sources */ = {isa = PBXBuildFile; fileRef = 873F04411A2CEA2000A5BC29 /* AppDelegate.m */; };
		873F04451A2CEA2000A5BC29 /* ViewController.m in Sources */ = {isa = PBXBuildFile; fileRef = 873F04441A2CEA2000A5BC29 /* ViewController.m */; };
		873F04481A2CEA2000A5BC29 /* Main.storyboard in Resources */ = {isa = PBXBuildFile; fileRef = 873F04461A2CEA2000A5BC29 /* Main.storyboard */; };
		873F044A1A2CEA2000A5BC29 /* Images.xcassets in Resources */ = {isa = PBXBuildFile; fileRef = 873F04491A2CEA2000A5BC29 /* Images.xcassets */; };
		873F044D1A2CEA2000A5BC29 /* LaunchScreen.xib in Resources */ = {isa = PBXBuildFile; fileRef = 873F044B1A2CEA2000A5BC29 /* LaunchScreen.xib */; };
		873F04591A2CEA2000A5BC29 /* MVCTests.m in Sources */ = {isa = PBXBuildFile; fileRef = 873F04581A2CEA2000A5BC29 /* MVCTests.m */; };
		873F04671A2CEDDA00A5BC29 /* Tweet.m in Sources */ = {isa = PBXBuildFile; fileRef = 873F04661A2CEDDA00A5BC29 /* Tweet.m */; };
		873F046A1A2CEE7300A5BC29 /* NetworkController.m in Sources */ = {isa = PBXBuildFile; fileRef = 873F04691A2CEE7300A5BC29 /* NetworkController.m */; };
		873F046D1A2CEEFA00A5BC29 /* EllipseView.m in Sources */ = {isa = PBXBuildFile; fileRef = 873F046C1A2CEEFA00A5BC29 /* EllipseView.m */; };
		873F04731A2CF54100A5BC29 /* TweetViewController.m in Sources */ = {isa = PBXBuildFile; fileRef = 873F04721A2CF54100A5BC29 /* TweetViewController.m */; };
		873F04761A2CF54E00A5BC29 /* TweetViewModel.m in Sources */ = {isa = PBXBuildFile; fileRef = 873F04751A2CF54E00A5BC29 /* TweetViewModel.m */; };
		873F047C1A2CFABD00A5BC29 /* TweetsViewController.m in Sources */ = {isa = PBXBuildFile; fileRef = 873F047B1A2CFABD00A5BC29 /* TweetsViewController.m */; };
		873F047F1A2CFB4C00A5BC29 /* TweetCell.m in Sources */ = {isa = PBXBuildFile; fileRef = 873F047E1A2CFB4C00A5BC29 /* TweetCell.m */; };
		873F04821A2CFB6800A5BC29 /* TweetCellViewModel.m in Sources */ = {isa = PBXBuildFile; fileRef = 873F04811A2CFB6800A5BC29 /* TweetCellViewModel.m */; };
		873F04881A2D0CEF00A5BC29 /* ZDOperation.m in Sources */ = {isa = PBXBuildFile; fileRef = 873F04871A2D0CEF00A5BC29 /* ZDOperation.m */; };
/* End PBXBuildFile section */

/* Begin PBXContainerItemProxy section */
		873F04531A2CEA2000A5BC29 /* PBXContainerItemProxy */ = {
			isa = PBXContainerItemProxy;
			containerPortal = 873F04311A2CEA2000A5BC29 /* Project object */;
			proxyType = 1;
			remoteGlobalIDString = 873F04381A2CEA2000A5BC29;
			remoteInfo = MVC;
		};
/* End PBXContainerItemProxy section */

/* Begin PBXFileReference section */
		873F04391A2CEA2000A5BC29 /* MVC.app */ = {isa = PBXFileReference; explicitFileType = wrapper.application; includeInIndex = 0; path = MVC.app; sourceTree = BUILT_PRODUCTS_DIR; };
		873F043D1A2CEA2000A5BC29 /* Info.plist */ = {isa = PBXFileReference; lastKnownFileType = text.plist.xml; path = Info.plist; sourceTree = "<group>"; };
		873F043E1A2CEA2000A5BC29 /* main.m */ = {isa = PBXFileReference; lastKnownFileType = sourcecode.c.objc; path = main.m; sourceTree = "<group>"; };
		873F04401A2CEA2000A5BC29 /* AppDelegate.h */ = {isa = PBXFileReference; lastKnownFileType = sourcecode.c.h; path = AppDelegate.h; sourceTree = "<group>"; };
		873F04411A2CEA2000A5BC29 /* AppDelegate.m */ = {isa = PBXFileReference; lastKnownFileType = sourcecode.c.objc; path = AppDelegate.m; sourceTree = "<group>"; };
		873F04431A2CEA2000A5BC29 /* ViewController.h */ = {isa = PBXFileReference; lastKnownFileType = sourcecode.c.h; path = ViewController.h; sourceTree = "<group>"; };
		873F04441A2CEA2000A5BC29 /* ViewController.m */ = {isa = PBXFileReference; lastKnownFileType = sourcecode.c.objc; path = ViewController.m; sourceTree = "<group>"; };
		873F04471A2CEA2000A5BC29 /* Base */ = {isa = PBXFileReference; lastKnownFileType = file.storyboard; name = Base; path = Base.lproj/Main.storyboard; sourceTree = "<group>"; };
		873F04491A2CEA2000A5BC29 /* Images.xcassets */ = {isa = PBXFileReference; lastKnownFileType = folder.assetcatalog; path = Images.xcassets; sourceTree = "<group>"; };
		873F044C1A2CEA2000A5BC29 /* Base */ = {isa = PBXFileReference; lastKnownFileType = file.xib; name = Base; path = Base.lproj/LaunchScreen.xib; sourceTree = "<group>"; };
		873F04521A2CEA2000A5BC29 /* MVCTests.xctest */ = {isa = PBXFileReference; explicitFileType = wrapper.cfbundle; includeInIndex = 0; path = MVCTests.xctest; sourceTree = BUILT_PRODUCTS_DIR; };
		873F04571A2CEA2000A5BC29 /* Info.plist */ = {isa = PBXFileReference; lastKnownFileType = text.plist.xml; path = Info.plist; sourceTree = "<group>"; };
		873F04581A2CEA2000A5BC29 /* MVCTests.m */ = {isa = PBXFileReference; lastKnownFileType = sourcecode.c.objc; path = MVCTests.m; sourceTree = "<group>"; };
		873F04651A2CEDDA00A5BC29 /* Tweet.h */ = {isa = PBXFileReference; fileEncoding = 4; lastKnownFileType = sourcecode.c.h; path = Tweet.h; sourceTree = "<group>"; };
		873F04661A2CEDDA00A5BC29 /* Tweet.m */ = {isa = PBXFileReference; fileEncoding = 4; lastKnownFileType = sourcecode.c.objc; path = Tweet.m; sourceTree = "<group>"; };
		873F04681A2CEE7300A5BC29 /* NetworkController.h */ = {isa = PBXFileReference; fileEncoding = 4; lastKnownFileType = sourcecode.c.h; path = NetworkController.h; sourceTree = "<group>"; };
		873F04691A2CEE7300A5BC29 /* NetworkController.m */ = {isa = PBXFileReference; fileEncoding = 4; lastKnownFileType = sourcecode.c.objc; path = NetworkController.m; sourceTree = "<group>"; };
		873F046B1A2CEEFA00A5BC29 /* EllipseView.h */ = {isa = PBXFileReference; fileEncoding = 4; lastKnownFileType = sourcecode.c.h; path = EllipseView.h; sourceTree = "<group>"; };
		873F046C1A2CEEFA00A5BC29 /* EllipseView.m */ = {isa = PBXFileReference; fileEncoding = 4; lastKnownFileType = sourcecode.c.objc; path = EllipseView.m; sourceTree = "<group>"; };
		873F04711A2CF54100A5BC29 /* TweetViewController.h */ = {isa = PBXFileReference; fileEncoding = 4; lastKnownFileType = sourcecode.c.h; path = TweetViewController.h; sourceTree = "<group>"; };
		873F04721A2CF54100A5BC29 /* TweetViewController.m */ = {isa = PBXFileReference; fileEncoding = 4; lastKnownFileType = sourcecode.c.objc; path = TweetViewController.m; sourceTree = "<group>"; };
		873F04741A2CF54E00A5BC29 /* TweetViewModel.h */ = {isa = PBXFileReference; fileEncoding = 4; lastKnownFileType = sourcecode.c.h; path = TweetViewModel.h; sourceTree = "<group>"; };
		873F04751A2CF54E00A5BC29 /* TweetViewModel.m */ = {isa = PBXFileReference; fileEncoding = 4; lastKnownFileType = sourcecode.c.objc; path = TweetViewModel.m; sourceTree = "<group>"; };
		873F047A1A2CFABD00A5BC29 /* TweetsViewController.h */ = {isa = PBXFileReference; fileEncoding = 4; lastKnownFileType = sourcecode.c.h; path = TweetsViewController.h; sourceTree = "<group>"; };
		873F047B1A2CFABD00A5BC29 /* TweetsViewController.m */ = {isa = PBXFileReference; fileEncoding = 4; lastKnownFileType = sourcecode.c.objc; path = TweetsViewController.m; sourceTree = "<group>"; };
		873F047D1A2CFB4C00A5BC29 /* TweetCell.h */ = {isa = PBXFileReference; fileEncoding = 4; lastKnownFileType = sourcecode.c.h; path = TweetCell.h; sourceTree = "<group>"; };
		873F047E1A2CFB4C00A5BC29 /* TweetCell.m */ = {isa = PBXFileReference; fileEncoding = 4; lastKnownFileType = sourcecode.c.objc; path = TweetCell.m; sourceTree = "<group>"; };
		873F04801A2CFB6800A5BC29 /* TweetCellViewModel.h */ = {isa = PBXFileReference; fileEncoding = 4; lastKnownFileType = sourcecode.c.h; path = TweetCellViewModel.h; sourceTree = "<group>"; };
		873F04811A2CFB6800A5BC29 /* TweetCellViewModel.m */ = {isa = PBXFileReference; fileEncoding = 4; lastKnownFileType = sourcecode.c.objc; path = TweetCellViewModel.m; sourceTree = "<group>"; };
		873F04861A2D0CEF00A5BC29 /* ZDOperation.h */ = {isa = PBXFileReference; fileEncoding = 4; lastKnownFileType = sourcecode.c.h; path = ZDOperation.h; sourceTree = "<group>"; };
		873F04871A2D0CEF00A5BC29 /* ZDOperation.m */ = {isa = PBXFileReference; fileEncoding = 4; lastKnownFileType = sourcecode.c.objc; path = ZDOperation.m; sourceTree = "<group>"; };
/* End PBXFileReference section */

/* Begin PBXFrameworksBuildPhase section */
		873F04361A2CEA2000A5BC29 /* Frameworks */ = {
			isa = PBXFrameworksBuildPhase;
			buildActionMask = 2147483647;
			files = (
			);
			runOnlyForDeploymentPostprocessing = 0;
		};
		873F044F1A2CEA2000A5BC29 /* Frameworks */ = {
			isa = PBXFrameworksBuildPhase;
			buildActionMask = 2147483647;
			files = (
			);
			runOnlyForDeploymentPostprocessing = 0;
		};
/* End PBXFrameworksBuildPhase section */

/* Begin PBXGroup section */
		873F04301A2CEA2000A5BC29 = {
			isa = PBXGroup;
			children = (
				873F04861A2D0CEF00A5BC29 /* ZDOperation.h */,
				873F04871A2D0CEF00A5BC29 /* ZDOperation.m */,
				873F043B1A2CEA2000A5BC29 /* MVC */,
				873F04551A2CEA2000A5BC29 /* MVCTests */,
				873F043A1A2CEA2000A5BC29 /* Products */,
			);
			sourceTree = "<group>";
		};
		873F043A1A2CEA2000A5BC29 /* Products */ = {
			isa = PBXGroup;
			children = (
				873F04391A2CEA2000A5BC29 /* MVC.app */,
				873F04521A2CEA2000A5BC29 /* MVCTests.xctest */,
			);
			name = Products;
			sourceTree = "<group>";
		};
		873F043B1A2CEA2000A5BC29 /* MVC */ = {
			isa = PBXGroup;
			children = (
				873F04641A2CED3B00A5BC29 /* Controller */,
				873F04631A2CED3600A5BC29 /* View */,
				873F04621A2CED3000A5BC29 /* Model */,
				873F04401A2CEA2000A5BC29 /* AppDelegate.h */,
				873F04411A2CEA2000A5BC29 /* AppDelegate.m */,
				873F04461A2CEA2000A5BC29 /* Main.storyboard */,
				873F04491A2CEA2000A5BC29 /* Images.xcassets */,
				873F044B1A2CEA2000A5BC29 /* LaunchScreen.xib */,
				873F043C1A2CEA2000A5BC29 /* Supporting Files */,
			);
			path = MVC;
			sourceTree = "<group>";
		};
		873F043C1A2CEA2000A5BC29 /* Supporting Files */ = {
			isa = PBXGroup;
			children = (
				873F043D1A2CEA2000A5BC29 /* Info.plist */,
				873F043E1A2CEA2000A5BC29 /* main.m */,
			);
			name = "Supporting Files";
			sourceTree = "<group>";
		};
		873F04551A2CEA2000A5BC29 /* MVCTests */ = {
			isa = PBXGroup;
			children = (
				873F04581A2CEA2000A5BC29 /* MVCTests.m */,
				873F04561A2CEA2000A5BC29 /* Supporting Files */,
			);
			path = MVCTests;
			sourceTree = "<group>";
		};
		873F04561A2CEA2000A5BC29 /* Supporting Files */ = {
			isa = PBXGroup;
			children = (
				873F04571A2CEA2000A5BC29 /* Info.plist */,
			);
			name = "Supporting Files";
			sourceTree = "<group>";
		};
		873F04621A2CED3000A5BC29 /* Model */ = {
			isa = PBXGroup;
			children = (
				873F04651A2CEDDA00A5BC29 /* Tweet.h */,
				873F04661A2CEDDA00A5BC29 /* Tweet.m */,
			);
			name = Model;
			sourceTree = "<group>";
		};
		873F04631A2CED3600A5BC29 /* View */ = {
			isa = PBXGroup;
			children = (
				873F04431A2CEA2000A5BC29 /* ViewController.h */,
				873F04441A2CEA2000A5BC29 /* ViewController.m */,
				873F04711A2CF54100A5BC29 /* TweetViewController.h */,
				873F04721A2CF54100A5BC29 /* TweetViewController.m */,
				873F04741A2CF54E00A5BC29 /* TweetViewModel.h */,
				873F04751A2CF54E00A5BC29 /* TweetViewModel.m */,
				873F047A1A2CFABD00A5BC29 /* TweetsViewController.h */,
				873F047B1A2CFABD00A5BC29 /* TweetsViewController.m */,
				873F047D1A2CFB4C00A5BC29 /* TweetCell.h */,
				873F047E1A2CFB4C00A5BC29 /* TweetCell.m */,
				873F04801A2CFB6800A5BC29 /* TweetCellViewModel.h */,
				873F04811A2CFB6800A5BC29 /* TweetCellViewModel.m */,
				873F046B1A2CEEFA00A5BC29 /* EllipseView.h */,
				873F046C1A2CEEFA00A5BC29 /* EllipseView.m */,
			);
			name = View;
			sourceTree = "<group>";
		};
		873F04641A2CED3B00A5BC29 /* Controller */ = {
			isa = PBXGroup;
			children = (
				873F04681A2CEE7300A5BC29 /* NetworkController.h */,
				873F04691A2CEE7300A5BC29 /* NetworkController.m */,
			);
			name = Controller;
			sourceTree = "<group>";
		};
/* End PBXGroup section */

/* Begin PBXNativeTarget section */
		873F04381A2CEA2000A5BC29 /* MVC */ = {
			isa = PBXNativeTarget;
			buildConfigurationList = 873F045C1A2CEA2000A5BC29 /* Build configuration list for PBXNativeTarget "MVC" */;
			buildPhases = (
				873F04351A2CEA2000A5BC29 /* Sources */,
				873F04361A2CEA2000A5BC29 /* Frameworks */,
				873F04371A2CEA2000A5BC29 /* Resources */,
			);
			buildRules = (
			);
			dependencies = (
			);
			name = MVC;
			productName = MVC;
			productReference = 873F04391A2CEA2000A5BC29 /* MVC.app */;
			productType = "com.apple.product-type.application";
		};
		873F04511A2CEA2000A5BC29 /* MVCTests */ = {
			isa = PBXNativeTarget;
			buildConfigurationList = 873F045F1A2CEA2000A5BC29 /* Build configuration list for PBXNativeTarget "MVCTests" */;
			buildPhases = (
				873F044E1A2CEA2000A5BC29 /* Sources */,
				873F044F1A2CEA2000A5BC29 /* Frameworks */,
				873F04501A2CEA2000A5BC29 /* Resources */,
			);
			buildRules = (
			);
			dependencies = (
				873F04541A2CEA2000A5BC29 /* PBXTargetDependency */,
			);
			name = MVCTests;
			productName = MVCTests;
			productReference = 873F04521A2CEA2000A5BC29 /* MVCTests.xctest */;
			productType = "com.apple.product-type.bundle.unit-test";
		};
/* End PBXNativeTarget section */

/* Begin PBXProject section */
		873F04311A2CEA2000A5BC29 /* Project object */ = {
			isa = PBXProject;
			attributes = {
				LastUpgradeCheck = 0610;
				ORGANIZATIONNAME = ZD;
				TargetAttributes = {
					873F04381A2CEA2000A5BC29 = {
						CreatedOnToolsVersion = 6.1;
					};
					873F04511A2CEA2000A5BC29 = {
						CreatedOnToolsVersion = 6.1;
						TestTargetID = 873F04381A2CEA2000A5BC29;
					};
				};
			};
			buildConfigurationList = 873F04341A2CEA2000A5BC29 /* Build configuration list for PBXProject "MVC" */;
			compatibilityVersion = "Xcode 3.2";
			developmentRegion = English;
			hasScannedForEncodings = 0;
			knownRegions = (
				en,
				Base,
			);
			mainGroup = 873F04301A2CEA2000A5BC29;
			productRefGroup = 873F043A1A2CEA2000A5BC29 /* Products */;
			projectDirPath = "";
			projectRoot = "";
			targets = (
				873F04381A2CEA2000A5BC29 /* MVC */,
				873F04511A2CEA2000A5BC29 /* MVCTests */,
			);
		};
/* End PBXProject section */

/* Begin PBXResourcesBuildPhase section */
		873F04371A2CEA2000A5BC29 /* Resources */ = {
			isa = PBXResourcesBuildPhase;
			buildActionMask = 2147483647;
			files = (
				873F04481A2CEA2000A5BC29 /* Main.storyboard in Resources */,
				873F044D1A2CEA2000A5BC29 /* LaunchScreen.xib in Resources */,
				873F044A1A2CEA2000A5BC29 /* Images.xcassets in Resources */,
			);
			runOnlyForDeploymentPostprocessing = 0;
		};
		873F04501A2CEA2000A5BC29 /* Resources */ = {
			isa = PBXResourcesBuildPhase;
			buildActionMask = 2147483647;
			files = (
			);
			runOnlyForDeploymentPostprocessing = 0;
		};
/* End PBXResourcesBuildPhase section */

/* Begin PBXSourcesBuildPhase section */
		873F04351A2CEA2000A5BC29 /* Sources */ = {
			isa = PBXSourcesBuildPhase;
			buildActionMask = 2147483647;
			files = (
				873F04761A2CF54E00A5BC29 /* TweetViewModel.m in Sources */,
				873F04731A2CF54100A5BC29 /* TweetViewController.m in Sources */,
				873F04451A2CEA2000A5BC29 /* ViewController.m in Sources */,
				873F047F1A2CFB4C00A5BC29 /* TweetCell.m in Sources */,
				873F04421A2CEA2000A5BC29 /* AppDelegate.m in Sources */,
				873F04821A2CFB6800A5BC29 /* TweetCellViewModel.m in Sources */,
				873F043F1A2CEA2000A5BC29 /* main.m in Sources */,
				873F046D1A2CEEFA00A5BC29 /* EllipseView.m in Sources */,
				873F04671A2CEDDA00A5BC29 /* Tweet.m in Sources */,
				873F046A1A2CEE7300A5BC29 /* NetworkController.m in Sources */,
				873F047C1A2CFABD00A5BC29 /* TweetsViewController.m in Sources */,
				873F04881A2D0CEF00A5BC29 /* ZDOperation.m in Sources */,
			);
			runOnlyForDeploymentPostprocessing = 0;
		};
		873F044E1A2CEA2000A5BC29 /* Sources */ = {
			isa = PBXSourcesBuildPhase;
			buildActionMask = 2147483647;
			files = (
				873F04591A2CEA2000A5BC29 /* MVCTests.m in Sources */,
			);
			runOnlyForDeploymentPostprocessing = 0;
		};
/* End PBXSourcesBuildPhase section */

/* Begin PBXTargetDependency section */
		873F04541A2CEA2000A5BC29 /* PBXTargetDependency */ = {
			isa = PBXTargetDependency;
			target = 873F04381A2CEA2000A5BC29 /* MVC */;
			targetProxy = 873F04531A2CEA2000A5BC29 /* PBXContainerItemProxy */;
		};
/* End PBXTargetDependency section */

/* Begin PBXVariantGroup section */
		873F04461A2CEA2000A5BC29 /* Main.storyboard */ = {
			isa = PBXVariantGroup;
			children = (
				873F04471A2CEA2000A5BC29 /* Base */,
			);
			name = Main.storyboard;
			sourceTree = "<group>";
		};
		873F044B1A2CEA2000A5BC29 /* LaunchScreen.xib */ = {
			isa = PBXVariantGroup;
			children = (
				873F044C1A2CEA2000A5BC29 /* Base */,
			);
			name = LaunchScreen.xib;
			sourceTree = "<group>";
		};
/* End PBXVariantGroup section */

/* Begin XCBuildConfiguration section */
		873F045A1A2CEA2000A5BC29 /* Debug */ = {
			isa = XCBuildConfiguration;
			buildSettings = {
				ALWAYS_SEARCH_USER_PATHS = NO;
				CLANG_CXX_LANGUAGE_STANDARD = "gnu++0x";
				CLANG_CXX_LIBRARY = "libc++";
				CLANG_ENABLE_MODULES = YES;
				CLANG_ENABLE_OBJC_ARC = YES;
				CLANG_WARN_BOOL_CONVERSION = YES;
				CLANG_WARN_CONSTANT_CONVERSION = YES;
				CLANG_WARN_DIRECT_OBJC_ISA_USAGE = YES_ERROR;
				CLANG_WARN_EMPTY_BODY = YES;
				CLANG_WARN_ENUM_CONVERSION = YES;
				CLANG_WARN_INT_CONVERSION = YES;
				CLANG_WARN_OBJC_ROOT_CLASS = YES_ERROR;
				CLANG_WARN_UNREACHABLE_CODE = YES;
				CLANG_WARN__DUPLICATE_METHOD_MATCH = YES;
				"CODE_SIGN_IDENTITY[sdk=iphoneos*]" = "iPhone Developer";
				COPY_PHASE_STRIP = NO;
				ENABLE_STRICT_OBJC_MSGSEND = YES;
				GCC_C_LANGUAGE_STANDARD = gnu99;
				GCC_DYNAMIC_NO_PIC = NO;
				GCC_OPTIMIZATION_LEVEL = 0;
				GCC_PREPROCESSOR_DEFINITIONS = (
					"DEBUG=1",
					"$(inherited)",
				);
				GCC_SYMBOLS_PRIVATE_EXTERN = NO;
				GCC_WARN_64_TO_32_BIT_CONVERSION = YES;
				GCC_WARN_ABOUT_RETURN_TYPE = YES_ERROR;
				GCC_WARN_UNDECLARED_SELECTOR = YES;
				GCC_WARN_UNINITIALIZED_AUTOS = YES_AGGRESSIVE;
				GCC_WARN_UNUSED_FUNCTION = YES;
				GCC_WARN_UNUSED_VARIABLE = YES;
				IPHONEOS_DEPLOYMENT_TARGET = 8.1;
				MTL_ENABLE_DEBUG_INFO = YES;
				ONLY_ACTIVE_ARCH = YES;
				SDKROOT = iphoneos;
			};
			name = Debug;
		};
		873F045B1A2CEA2000A5BC29 /* Release */ = {
			isa = XCBuildConfiguration;
			buildSettings = {
				ALWAYS_SEARCH_USER_PATHS = NO;
				CLANG_CXX_LANGUAGE_STANDARD = "gnu++0x";
				CLANG_CXX_LIBRARY = "libc++";
				CLANG_ENABLE_MODULES = YES;
				CLANG_ENABLE_OBJC_ARC = YES;
				CLANG_WARN_BOOL_CONVERSION = YES;
				CLANG_WARN_CONSTANT_CONVERSION = YES;
				CLANG_WARN_DIRECT_OBJC_ISA_USAGE = YES_ERROR;
				CLANG_WARN_EMPTY_BODY = YES;
				CLANG_WARN_ENUM_CONVERSION = YES;
				CLANG_WARN_INT_CONVERSION = YES;
				CLANG_WARN_OBJC_ROOT_CLASS = YES_ERROR;
				CLANG_WARN_UNREACHABLE_CODE = YES;
				CLANG_WARN__DUPLICATE_METHOD_MATCH = YES;
				"CODE_SIGN_IDENTITY[sdk=iphoneos*]" = "iPhone Developer";
				COPY_PHASE_STRIP = YES;
				ENABLE_NS_ASSERTIONS = NO;
				ENABLE_STRICT_OBJC_MSGSEND = YES;
				GCC_C_LANGUAGE_STANDARD = gnu99;
				GCC_WARN_64_TO_32_BIT_CONVERSION = YES;
				GCC_WARN_ABOUT_RETURN_TYPE = YES_ERROR;
				GCC_WARN_UNDECLARED_SELECTOR = YES;
				GCC_WARN_UNINITIALIZED_AUTOS = YES_AGGRESSIVE;
				GCC_WARN_UNUSED_FUNCTION = YES;
				GCC_WARN_UNUSED_VARIABLE = YES;
				IPHONEOS_DEPLOYMENT_TARGET = 8.1;
				MTL_ENABLE_DEBUG_INFO = NO;
				SDKROOT = iphoneos;
				VALIDATE_PRODUCT = YES;
			};
			name = Release;
		};
		873F045D1A2CEA2000A5BC29 /* Debug */ = {
			isa = XCBuildConfiguration;
			buildSettings = {
				ASSETCATALOG_COMPILER_APPICON_NAME = AppIcon;
				INFOPLIST_FILE = MVC/Info.plist;
				LD_RUNPATH_SEARCH_PATHS = "$(inherited) @executable_path/Frameworks";
				PRODUCT_NAME = "$(TARGET_NAME)";
			};
			name = Debug;
		};
		873F045E1A2CEA2000A5BC29 /* Release */ = {
			isa = XCBuildConfiguration;
			buildSettings = {
				ASSETCATALOG_COMPILER_APPICON_NAME = AppIcon;
				INFOPLIST_FILE = MVC/Info.plist;
				LD_RUNPATH_SEARCH_PATHS = "$(inherited) @executable_path/Frameworks";
				PRODUCT_NAME = "$(TARGET_NAME)";
			};
			name = Release;
		};
		873F04601A2CEA2000A5BC29 /* Debug */ = {
			isa = XCBuildConfiguration;
			buildSettings = {
				BUNDLE_LOADER = "$(TEST_HOST)";
				FRAMEWORK_SEARCH_PATHS = (
					"$(SDKROOT)/Developer/Library/Frameworks",
					"$(inherited)",
				);
				GCC_PREPROCESSOR_DEFINITIONS = (
					"DEBUG=1",
					"$(inherited)",
				);
				INFOPLIST_FILE = MVCTests/Info.plist;
				LD_RUNPATH_SEARCH_PATHS = "$(inherited) @executable_path/Frameworks @loader_path/Frameworks";
				PRODUCT_NAME = "$(TARGET_NAME)";
				TEST_HOST = "$(BUILT_PRODUCTS_DIR)/MVC.app/MVC";
			};
			name = Debug;
		};
		873F04611A2CEA2000A5BC29 /* Release */ = {
			isa = XCBuildConfiguration;
			buildSettings = {
				BUNDLE_LOADER = "$(TEST_HOST)";
				FRAMEWORK_SEARCH_PATHS = (
					"$(SDKROOT)/Developer/Library/Frameworks",
					"$(inherited)",
				);
				INFOPLIST_FILE = MVCTests/Info.plist;
				LD_RUNPATH_SEARCH_PATHS = "$(inherited) @executable_path/Frameworks @loader_path/Frameworks";
				PRODUCT_NAME = "$(TARGET_NAME)";
				TEST_HOST = "$(BUILT_PRODUCTS_DIR)/MVC.app/MVC";
			};
			name = Release;
		};
/* End XCBuildConfiguration section */

/* Begin XCConfigurationList section */
		873F04341A2CEA2000A5BC29 /* Build configuration list for PBXProject "MVC" */ = {
			isa = XCConfigurationList;
			buildConfigurations = (
				873F045A1A2CEA2000A5BC29 /* Debug */,
				873F045B1A2CEA2000A5BC29 /* Release */,
			);
			defaultConfigurationIsVisible = 0;
			defaultConfigurationName = Release;
		};
		873F045C1A2CEA2000A5BC29 /* Build configuration list for PBXNativeTarget "MVC" */ = {
			isa = XCConfigurationList;
			buildConfigurations = (
				873F045D1A2CEA2000A5BC29 /* Debug */,
				873F045E1A2CEA2000A5BC29 /* Release */,
			);
			defaultConfigurationIsVisible = 0;
		};
		873F045F1A2CEA2000A5BC29 /* Build configuration list for PBXNativeTarget "MVCTests" */ = {
			isa = XCConfigurationList;
			buildConfigurations = (
				873F04601A2CEA2000A5BC29 /* Debug */,
				873F04611A2CEA2000A5BC29 /* Release */,
			);
			defaultConfigurationIsVisible = 0;
		};
/* End XCConfigurationList section */
	};
	rootObject = 873F04311A2CEA2000A5BC29 /* Project object */;
}
